// !$*UTF8*$!
{
	archiveVersion = 1;
	classes = {
	};
	objectVersion = 55;
	objects = {

/* Begin PBXBuildFile section */
		D33456D1407E458800705B98 /* ViewController2.swift in Sources */ = {isa = PBXBuildFile; fileRef = D33456D0407E458800705B98 /* ViewController2.swift */; };
		D33456D3407E463E00705B98 /* MyTableViewCell.swift in Sources */ = {isa = PBXBuildFile; fileRef = D33456D2407E463E00705B98 /* MyTableViewCell.swift */; };
		D335597929DBFB6500B2810D /* AppDelegate.swift in Sources */ = {isa = PBXBuildFile; fileRef = D335597829DBFB6500B2810D /* AppDelegate.swift */; };
		D335597B29DBFB6500B2810D /* SceneDelegate.swift in Sources */ = {isa = PBXBuildFile; fileRef = D335597A29DBFB6500B2810D /* SceneDelegate.swift */; };
		D335597D29DBFB6500B2810D /* ViewController.swift in Sources */ = {isa = PBXBuildFile; fileRef = D335597C29DBFB6500B2810D /* ViewController.swift */; };
		D335598029DBFB6500B2810D /* Main.storyboard in Resources */ = {isa = PBXBuildFile; fileRef = D335597E29DBFB6500B2810D /* Main.storyboard */; };
		D335598229DBFB6600B2810D /* Assets.xcassets in Resources */ = {isa = PBXBuildFile; fileRef = D335598129DBFB6600B2810D /* Assets.xcassets */; };
		D335598529DBFB6600B2810D /* LaunchScreen.storyboard in Resources */ = {isa = PBXBuildFile; fileRef = D335598329DBFB6600B2810D /* LaunchScreen.storyboard */; };
		D335599829DBFC4900B2810D /* FMDatabasePool.m in Sources */ = {isa = PBXBuildFile; fileRef = D335598E29DBFC4800B2810D /* FMDatabasePool.m */; };
		D335599929DBFC4900B2810D /* FMResultSet.m in Sources */ = {isa = PBXBuildFile; fileRef = D335599029DBFC4800B2810D /* FMResultSet.m */; };
		D335599A29DBFC4900B2810D /* FMDatabaseAdditions.m in Sources */ = {isa = PBXBuildFile; fileRef = D335599229DBFC4800B2810D /* FMDatabaseAdditions.m */; };
		D335599B29DBFC4900B2810D /* FMDatabase.m in Sources */ = {isa = PBXBuildFile; fileRef = D335599629DBFC4900B2810D /* FMDatabase.m */; };
		D335599C29DBFC4900B2810D /* FMDatabaseQueue.m in Sources */ = {isa = PBXBuildFile; fileRef = D335599729DBFC4900B2810D /* FMDatabaseQueue.m */; };
		D335599E29DBFC6000B2810D /* dbms.swift in Sources */ = {isa = PBXBuildFile; fileRef = D335599D29DBFC6000B2810D /* dbms.swift */; };
/* End PBXBuildFile section */

/* Begin PBXFileReference section */
		D33456D0407E458800705B98 /* ViewController2.swift */ = {isa = PBXFileReference; lastKnownFileType = sourcecode.swift; path = ViewController2.swift; sourceTree = "<group>"; };
		D33456D2407E463E00705B98 /* MyTableViewCell.swift */ = {isa = PBXFileReference; lastKnownFileType = sourcecode.swift; path = MyTableViewCell.swift; sourceTree = "<group>"; };
		D335597529DBFB6500B2810D /* fbms day2 _4_4_2023.app */ = {isa = PBXFileReference; explicitFileType = wrapper.application; includeInIndex = 0; path = "fbms day2 _4_4_2023.app"; sourceTree = BUILT_PRODUCTS_DIR; };
		D335597829DBFB6500B2810D /* AppDelegate.swift */ = {isa = PBXFileReference; lastKnownFileType = sourcecode.swift; path = AppDelegate.swift; sourceTree = "<group>"; };
		D335597A29DBFB6500B2810D /* SceneDelegate.swift */ = {isa = PBXFileReference; lastKnownFileType = sourcecode.swift; path = SceneDelegate.swift; sourceTree = "<group>"; };
		D335597C29DBFB6500B2810D /* ViewController.swift */ = {isa = PBXFileReference; lastKnownFileType = sourcecode.swift; path = ViewController.swift; sourceTree = "<group>"; };
		D335597F29DBFB6500B2810D /* Base */ = {isa = PBXFileReference; lastKnownFileType = file.storyboard; name = Base; path = Base.lproj/Main.storyboard; sourceTree = "<group>"; };
		D335598129DBFB6600B2810D /* Assets.xcassets */ = {isa = PBXFileReference; lastKnownFileType = folder.assetcatalog; path = Assets.xcassets; sourceTree = "<group>"; };
		D335598429DBFB6600B2810D /* Base */ = {isa = PBXFileReference; lastKnownFileType = file.storyboard; name = Base; path = Base.lproj/LaunchScreen.storyboard; sourceTree = "<group>"; };
		D335598629DBFB6600B2810D /* Info.plist */ = {isa = PBXFileReference; lastKnownFileType = text.plist.xml; path = Info.plist; sourceTree = "<group>"; };
		D335598C29DBFC4700B2810D /* fbms day2 _4_4_2023-Bridging-Header.h */ = {isa = PBXFileReference; lastKnownFileType = sourcecode.c.h; path = "fbms day2 _4_4_2023-Bridging-Header.h"; sourceTree = "<group>"; };
		D335598D29DBFC4800B2810D /* FMDatabaseQueue.h */ = {isa = PBXFileReference; fileEncoding = 4; lastKnownFileType = sourcecode.c.h; path = FMDatabaseQueue.h; sourceTree = "<group>"; };
		D335598E29DBFC4800B2810D /* FMDatabasePool.m */ = {isa = PBXFileReference; fileEncoding = 4; lastKnownFileType = sourcecode.c.objc; path = FMDatabasePool.m; sourceTree = "<group>"; };
		D335598F29DBFC4800B2810D /* FMDatabase.h */ = {isa = PBXFileReference; fileEncoding = 4; lastKnownFileType = sourcecode.c.h; path = FMDatabase.h; sourceTree = "<group>"; };
		D335599029DBFC4800B2810D /* FMResultSet.m */ = {isa = PBXFileReference; fileEncoding = 4; lastKnownFileType = sourcecode.c.objc; path = FMResultSet.m; sourceTree = "<group>"; };
		D335599129DBFC4800B2810D /* FMDB.h */ = {isa = PBXFileReference; fileEncoding = 4; lastKnownFileType = sourcecode.c.h; path = FMDB.h; sourceTree = "<group>"; };
		D335599229DBFC4800B2810D /* FMDatabaseAdditions.m */ = {isa = PBXFileReference; fileEncoding = 4; lastKnownFileType = sourcecode.c.objc; path = FMDatabaseAdditions.m; sourceTree = "<group>"; };
		D335599329DBFC4800B2810D /* FMDatabaseAdditions.h */ = {isa = PBXFileReference; fileEncoding = 4; lastKnownFileType = sourcecode.c.h; path = FMDatabaseAdditions.h; sourceTree = "<group>"; };
		D335599429DBFC4800B2810D /* FMResultSet.h */ = {isa = PBXFileReference; fileEncoding = 4; lastKnownFileType = sourcecode.c.h; path = FMResultSet.h; sourceTree = "<group>"; };
		D335599529DBFC4800B2810D /* FMDatabasePool.h */ = {isa = PBXFileReference; fileEncoding = 4; lastKnownFileType = sourcecode.c.h; path = FMDatabasePool.h; sourceTree = "<group>"; };
		D335599629DBFC4900B2810D /* FMDatabase.m */ = {isa = PBXFileReference; fileEncoding = 4; lastKnownFileType = sourcecode.c.objc; path = FMDatabase.m; sourceTree = "<group>"; };
		D335599729DBFC4900B2810D /* FMDatabaseQueue.m */ = {isa = PBXFileReference; fileEncoding = 4; lastKnownFileType = sourcecode.c.objc; path = FMDatabaseQueue.m; sourceTree = "<group>"; };
		D335599D29DBFC6000B2810D /* dbms.swift */ = {isa = PBXFileReference; lastKnownFileType = sourcecode.swift; path = dbms.swift; sourceTree = "<group>"; };
/* End PBXFileReference section */

/* Begin PBXFrameworksBuildPhase section */
		D335597229DBFB6400B2810D /* Frameworks */ = {
			isa = PBXFrameworksBuildPhase;
			buildActionMask = 2147483647;
			files = (
			);
			runOnlyForDeploymentPostprocessing = 0;
		};
/* End PBXFrameworksBuildPhase section */

/* Begin PBXGroup section */
		D335596C29DBFB6400B2810D = {
			isa = PBXGroup;
			children = (
				D33456D2407E463E00705B98 /* MyTableViewCell.swift */,
				D335597729DBFB6500B2810D /* fbms day2 _4_4_2023 */,
				D335597629DBFB6500B2810D /* Products */,
			);
			sourceTree = "<group>";
		};
		D335597629DBFB6500B2810D /* Products */ = {
			isa = PBXGroup;
			children = (
				D335597529DBFB6500B2810D /* fbms day2 _4_4_2023.app */,
			);
			name = Products;
			sourceTree = "<group>";
		};
		D335597729DBFB6500B2810D /* fbms day2 _4_4_2023 */ = {
			isa = PBXGroup;
			children = (
				D335598F29DBFC4800B2810D /* FMDatabase.h */,
				D335599629DBFC4900B2810D /* FMDatabase.m */,
				D335599329DBFC4800B2810D /* FMDatabaseAdditions.h */,
				D335599229DBFC4800B2810D /* FMDatabaseAdditions.m */,
				D335599529DBFC4800B2810D /* FMDatabasePool.h */,
				D335598E29DBFC4800B2810D /* FMDatabasePool.m */,
				D335598D29DBFC4800B2810D /* FMDatabaseQueue.h */,
				D335599729DBFC4900B2810D /* FMDatabaseQueue.m */,
				D335599129DBFC4800B2810D /* FMDB.h */,
				D335599429DBFC4800B2810D /* FMResultSet.h */,
				D335599029DBFC4800B2810D /* FMResultSet.m */,
				D335597829DBFB6500B2810D /* AppDelegate.swift */,
				D335597A29DBFB6500B2810D /* SceneDelegate.swift */,
				D335597C29DBFB6500B2810D /* ViewController.swift */,
				D335599D29DBFC6000B2810D /* dbms.swift */,
				D335597E29DBFB6500B2810D /* Main.storyboard */,
				D33456D0407E458800705B98 /* ViewController2.swift */,
				D335598129DBFB6600B2810D /* Assets.xcassets */,
				D335598329DBFB6600B2810D /* LaunchScreen.storyboard */,
				D335598629DBFB6600B2810D /* Info.plist */,
				D335598C29DBFC4700B2810D /* fbms day2 _4_4_2023-Bridging-Header.h */,
			);
			path = "fbms day2 _4_4_2023";
			sourceTree = "<group>";
		};
/* End PBXGroup section */

/* Begin PBXNativeTarget section */
		D335597429DBFB6400B2810D /* fbms day2 _4_4_2023 */ = {
			isa = PBXNativeTarget;
			buildConfigurationList = D335598929DBFB6600B2810D /* Build configuration list for PBXNativeTarget "fbms day2 _4_4_2023" */;
			buildPhases = (
				D335597129DBFB6400B2810D /* Sources */,
				D335597229DBFB6400B2810D /* Frameworks */,
				D335597329DBFB6400B2810D /* Resources */,
			);
			buildRules = (
			);
			dependencies = (
			);
			name = "fbms day2 _4_4_2023";
			productName = "fbms day2 _4_4_2023";
			productReference = D335597529DBFB6500B2810D /* fbms day2 _4_4_2023.app */;
			productType = "com.apple.product-type.application";
		};
/* End PBXNativeTarget section */

/* Begin PBXProject section */
		D335596D29DBFB6400B2810D /* Project object */ = {
			isa = PBXProject;
			attributes = {
				BuildIndependentTargetsInParallel = 1;
				LastSwiftUpdateCheck = 1300;
				LastUpgradeCheck = 1300;
				TargetAttributes = {
					D335597429DBFB6400B2810D = {
						CreatedOnToolsVersion = 13.0;
						LastSwiftMigration = 1300;
					};
				};
			};
			buildConfigurationList = D335597029DBFB6400B2810D /* Build configuration list for PBXProject "fbms day2 _4_4_2023" */;
			compatibilityVersion = "Xcode 13.0";
			developmentRegion = en;
			hasScannedForEncodings = 0;
			knownRegions = (
				en,
				Base,
			);
			mainGroup = D335596C29DBFB6400B2810D;
			productRefGroup = D335597629DBFB6500B2810D /* Products */;
			projectDirPath = "";
			projectRoot = "";
			targets = (
				D335597429DBFB6400B2810D /* fbms day2 _4_4_2023 */,
			);
		};
/* End PBXProject section */

/* Begin PBXResourcesBuildPhase section */
		D335597329DBFB6400B2810D /* Resources */ = {
			isa = PBXResourcesBuildPhase;
			buildActionMask = 2147483647;
			files = (
				D335598529DBFB6600B2810D /* LaunchScreen.storyboard in Resources */,
				D335598229DBFB6600B2810D /* Assets.xcassets in Resources */,
				D335598029DBFB6500B2810D /* Main.storyboard in Resources */,
			);
			runOnlyForDeploymentPostprocessing = 0;
		};
/* End PBXResourcesBuildPhase section */

/* Begin PBXSourcesBuildPhase section */
		D335597129DBFB6400B2810D /* Sources */ = {
			isa = PBXSourcesBuildPhase;
			buildActionMask = 2147483647;
			files = (
				D335597D29DBFB6500B2810D /* ViewController.swift in Sources */,
				D335599C29DBFC4900B2810D /* FMDatabaseQueue.m in Sources */,
				D335599829DBFC4900B2810D /* FMDatabasePool.m in Sources */,
				D33456D3407E463E00705B98 /* MyTableViewCell.swift in Sources */,
				D335599E29DBFC6000B2810D /* dbms.swift in Sources */,
				D335597929DBFB6500B2810D /* AppDelegate.swift in Sources */,
				D33456D1407E458800705B98 /* ViewController2.swift in Sources */,
				D335599B29DBFC4900B2810D /* FMDatabase.m in Sources */,
				D335597B29DBFB6500B2810D /* SceneDelegate.swift in Sources */,
				D335599929DBFC4900B2810D /* FMResultSet.m in Sources */,
				D335599A29DBFC4900B2810D /* FMDatabaseAdditions.m in Sources */,
			);
			runOnlyForDeploymentPostprocessing = 0;
		};
/* End PBXSourcesBuildPhase section */

/* Begin PBXVariantGroup section */
		D335597E29DBFB6500B2810D /* Main.storyboard */ = {
			isa = PBXVariantGroup;
			children = (
				D335597F29DBFB6500B2810D /* Base */,
			);
			name = Main.storyboard;
			sourceTree = "<group>";
		};
		D335598329DBFB6600B2810D /* LaunchScreen.storyboard */ = {
			isa = PBXVariantGroup;
			children = (
				D335598429DBFB6600B2810D /* Base */,
			);
			name = LaunchScreen.storyboard;
			sourceTree = "<group>";
		};
/* End PBXVariantGroup section */

/* Begin XCBuildConfiguration section */
		D335598729DBFB6600B2810D /* Debug */ = {
			isa = XCBuildConfiguration;
			buildSettings = {
				ALWAYS_SEARCH_USER_PATHS = NO;
				CLANG_ANALYZER_NONNULL = YES;
				CLANG_ANALYZER_NUMBER_OBJECT_CONVERSION = YES_AGGRESSIVE;
				CLANG_CXX_LANGUAGE_STANDARD = "gnu++17";
				CLANG_CXX_LIBRARY = "libc++";
				CLANG_ENABLE_MODULES = YES;
				CLANG_ENABLE_OBJC_ARC = YES;
				CLANG_ENABLE_OBJC_WEAK = YES;
				CLANG_WARN_BLOCK_CAPTURE_AUTORELEASING = YES;
				CLANG_WARN_BOOL_CONVERSION = YES;
				CLANG_WARN_COMMA = YES;
				CLANG_WARN_CONSTANT_CONVERSION = YES;
				CLANG_WARN_DEPRECATED_OBJC_IMPLEMENTATIONS = YES;
				CLANG_WARN_DIRECT_OBJC_ISA_USAGE = YES_ERROR;
				CLANG_WARN_DOCUMENTATION_COMMENTS = YES;
				CLANG_WARN_EMPTY_BODY = YES;
				CLANG_WARN_ENUM_CONVERSION = YES;
				CLANG_WARN_INFINITE_RECURSION = YES;
				CLANG_WARN_INT_CONVERSION = YES;
				CLANG_WARN_NON_LITERAL_NULL_CONVERSION = YES;
				CLANG_WARN_OBJC_IMPLICIT_RETAIN_SELF = YES;
				CLANG_WARN_OBJC_LITERAL_CONVERSION = YES;
				CLANG_WARN_OBJC_ROOT_CLASS = YES_ERROR;
				CLANG_WARN_QUOTED_INCLUDE_IN_FRAMEWORK_HEADER = YES;
				CLANG_WARN_RANGE_LOOP_ANALYSIS = YES;
				CLANG_WARN_STRICT_PROTOTYPES = YES;
				CLANG_WARN_SUSPICIOUS_MOVE = YES;
				CLANG_WARN_UNGUARDED_AVAILABILITY = YES_AGGRESSIVE;
				CLANG_WARN_UNREACHABLE_CODE = YES;
				CLANG_WARN__DUPLICATE_METHOD_MATCH = YES;
				COPY_PHASE_STRIP = NO;
				DEBUG_INFORMATION_FORMAT = dwarf;
				ENABLE_STRICT_OBJC_MSGSEND = YES;
				ENABLE_TESTABILITY = YES;
				GCC_C_LANGUAGE_STANDARD = gnu11;
				GCC_DYNAMIC_NO_PIC = NO;
				GCC_NO_COMMON_BLOCKS = YES;
				GCC_OPTIMIZATION_LEVEL = 0;
				GCC_PREPROCESSOR_DEFINITIONS = (
					"DEBUG=1",
					"$(inherited)",
				);
				GCC_WARN_64_TO_32_BIT_CONVERSION = YES;
				GCC_WARN_ABOUT_RETURN_TYPE = YES_ERROR;
				GCC_WARN_UNDECLARED_SELECTOR = YES;
				GCC_WARN_UNINITIALIZED_AUTOS = YES_AGGRESSIVE;
				GCC_WARN_UNUSED_FUNCTION = YES;
				GCC_WARN_UNUSED_VARIABLE = YES;
				IPHONEOS_DEPLOYMENT_TARGET = 15.0;
				MTL_ENABLE_DEBUG_INFO = INCLUDE_SOURCE;
				MTL_FAST_MATH = YES;
				ONLY_ACTIVE_ARCH = YES;
				SDKROOT = iphoneos;
				SWIFT_ACTIVE_COMPILATION_CONDITIONS = DEBUG;
				SWIFT_OPTIMIZATION_LEVEL = "-Onone";
			};
			name = Debug;
		};
		D335598829DBFB6600B2810D /* Release */ = {
			isa = XCBuildConfiguration;
			buildSettings = {
				ALWAYS_SEARCH_USER_PATHS = NO;
				CLANG_ANALYZER_NONNULL = YES;
				CLANG_ANALYZER_NUMBER_OBJECT_CONVERSION = YES_AGGRESSIVE;
				CLANG_CXX_LANGUAGE_STANDARD = "gnu++17";
				CLANG_CXX_LIBRARY = "libc++";
				CLANG_ENABLE_MODULES = YES;
				CLANG_ENABLE_OBJC_ARC = YES;
				CLANG_ENABLE_OBJC_WEAK = YES;
				CLANG_WARN_BLOCK_CAPTURE_AUTORELEASING = YES;
				CLANG_WARN_BOOL_CONVERSION = YES;
				CLANG_WARN_COMMA = YES;
				CLANG_WARN_CONSTANT_CONVERSION = YES;
				CLANG_WARN_DEPRECATED_OBJC_IMPLEMENTATIONS = YES;
				CLANG_WARN_DIRECT_OBJC_ISA_USAGE = YES_ERROR;
				CLANG_WARN_DOCUMENTATION_COMMENTS = YES;
				CLANG_WARN_EMPTY_BODY = YES;
				CLANG_WARN_ENUM_CONVERSION = YES;
				CLANG_WARN_INFINITE_RECURSION = YES;
				CLANG_WARN_INT_CONVERSION = YES;
				CLANG_WARN_NON_LITERAL_NULL_CONVERSION = YES;
				CLANG_WARN_OBJC_IMPLICIT_RETAIN_SELF = YES;
				CLANG_WARN_OBJC_LITERAL_CONVERSION = YES;
				CLANG_WARN_OBJC_ROOT_CLASS = YES_ERROR;
				CLANG_WARN_QUOTED_INCLUDE_IN_FRAMEWORK_HEADER = YES;
				CLANG_WARN_RANGE_LOOP_ANALYSIS = YES;
				CLANG_WARN_STRICT_PROTOTYPES = YES;
				CLANG_WARN_SUSPICIOUS_MOVE = YES;
				CLANG_WARN_UNGUARDED_AVAILABILITY = YES_AGGRESSIVE;
				CLANG_WARN_UNREACHABLE_CODE = YES;
				CLANG_WARN__DUPLICATE_METHOD_MATCH = YES;
				COPY_PHASE_STRIP = NO;
				DEBUG_INFORMATION_FORMAT = "dwarf-with-dsym";
				ENABLE_NS_ASSERTIONS = NO;
				ENABLE_STRICT_OBJC_MSGSEND = YES;
				GCC_C_LANGUAGE_STANDARD = gnu11;
				GCC_NO_COMMON_BLOCKS = YES;
				GCC_WARN_64_TO_32_BIT_CONVERSION = YES;
				GCC_WARN_ABOUT_RETURN_TYPE = YES_ERROR;
				GCC_WARN_UNDECLARED_SELECTOR = YES;
				GCC_WARN_UNINITIALIZED_AUTOS = YES_AGGRESSIVE;
				GCC_WARN_UNUSED_FUNCTION = YES;
				GCC_WARN_UNUSED_VARIABLE = YES;
				IPHONEOS_DEPLOYMENT_TARGET = 15.0;
				MTL_ENABLE_DEBUG_INFO = NO;
				MTL_FAST_MATH = YES;
				SDKROOT = iphoneos;
				SWIFT_COMPILATION_MODE = wholemodule;
				SWIFT_OPTIMIZATION_LEVEL = "-O";
				VALIDATE_PRODUCT = YES;
			};
			name = Release;
		};
		D335598A29DBFB6600B2810D /* Debug */ = {
			isa = XCBuildConfiguration;
			buildSettings = {
				ASSETCATALOG_COMPILER_APPICON_NAME = AppIcon;
				ASSETCATALOG_COMPILER_GLOBAL_ACCENT_COLOR_NAME = AccentColor;
				CLANG_ENABLE_MODULES = YES;
				CODE_SIGN_STYLE = Automatic;
				CURRENT_PROJECT_VERSION = 1;
				GENERATE_INFOPLIST_FILE = YES;
				INFOPLIST_FILE = "fbms day2 _4_4_2023/Info.plist";
				INFOPLIST_KEY_UIApplicationSupportsIndirectInputEvents = YES;
				INFOPLIST_KEY_UILaunchStoryboardName = LaunchScreen;
				INFOPLIST_KEY_UIMainStoryboardFile = Main;
				INFOPLIST_KEY_UISupportedInterfaceOrientations_iPad = "UIInterfaceOrientationPortrait UIInterfaceOrientationPortraitUpsideDown UIInterfaceOrientationLandscapeLeft UIInterfaceOrientationLandscapeRight";
				INFOPLIST_KEY_UISupportedInterfaceOrientations_iPhone = "UIInterfaceOrientationPortrait UIInterfaceOrientationLandscapeLeft UIInterfaceOrientationLandscapeRight";
				LD_RUNPATH_SEARCH_PATHS = (
					"$(inherited)",
					"@executable_path/Frameworks",
				);
				MARKETING_VERSION = 1.0;
				PRODUCT_BUNDLE_IDENTIFIER = "collection.fbms-day2--4-4-2023";
				PRODUCT_NAME = "$(TARGET_NAME)";
				SWIFT_EMIT_LOC_STRINGS = YES;
				SWIFT_OBJC_BRIDGING_HEADER = "fbms day2 _4_4_2023/fbms day2 _4_4_2023-Bridging-Header.h";
				SWIFT_OPTIMIZATION_LEVEL = "-Onone";
				SWIFT_VERSION = 5.0;
				TARGETED_DEVICE_FAMILY = "1,2";
			};
			name = Debug;
		};
		D335598B29DBFB6600B2810D /* Release */ = {
			isa = XCBuildConfiguration;
			buildSettings = {
				ASSETCATALOG_COMPILER_APPICON_NAME = AppIcon;
				ASSETCATALOG_COMPILER_GLOBAL_ACCENT_COLOR_NAME = AccentColor;
				CLANG_ENABLE_MODULES = YES;
				CODE_SIGN_STYLE = Automatic;
				CURRENT_PROJECT_VERSION = 1;
				GENERATE_INFOPLIST_FILE = YES;
				INFOPLIST_FILE = "fbms day2 _4_4_2023/Info.plist";
				INFOPLIST_KEY_UIApplicationSupportsIndirectInputEvents = YES;
				INFOPLIST_KEY_UILaunchStoryboardName = LaunchScreen;
				INFOPLIST_KEY_UIMainStoryboardFile = Main;
				INFOPLIST_KEY_UISupportedInterfaceOrientations_iPad = "UIInterfaceOrientationPortrait UIInterfaceOrientationPortraitUpsideDown UIInterfaceOrientationLandscapeLeft UIInterfaceOrientationLandscapeRight";
				INFOPLIST_KEY_UISupportedInterfaceOrientations_iPhone = "UIInterfaceOrientationPortrait UIInterfaceOrientationLandscapeLeft UIInterfaceOrientationLandscapeRight";
				LD_RUNPATH_SEARCH_PATHS = (
					"$(inherited)",
					"@executable_path/Frameworks",
				);
				MARKETING_VERSION = 1.0;
				PRODUCT_BUNDLE_IDENTIFIER = "collection.fbms-day2--4-4-2023";
				PRODUCT_NAME = "$(TARGET_NAME)";
				SWIFT_EMIT_LOC_STRINGS = YES;
				SWIFT_OBJC_BRIDGING_HEADER = "fbms day2 _4_4_2023/fbms day2 _4_4_2023-Bridging-Header.h";
				SWIFT_VERSION = 5.0;
				TARGETED_DEVICE_FAMILY = "1,2";
			};
			name = Release;
		};
/* End XCBuildConfiguration section */

/* Begin XCConfigurationList section */
		D335597029DBFB6400B2810D /* Build configuration list for PBXProject "fbms day2 _4_4_2023" */ = {
			isa = XCConfigurationList;
			buildConfigurations = (
				D335598729DBFB6600B2810D /* Debug */,
				D335598829DBFB6600B2810D /* Release */,
			);
			defaultConfigurationIsVisible = 0;
			defaultConfigurationName = Release;
		};
		D335598929DBFB6600B2810D /* Build configuration list for PBXNativeTarget "fbms day2 _4_4_2023" */ = {
			isa = XCConfigurationList;
			buildConfigurations = (
				D335598A29DBFB6600B2810D /* Debug */,
				D335598B29DBFB6600B2810D /* Release */,
			);
			defaultConfigurationIsVisible = 0;
			defaultConfigurationName = Release;
		};
/* End XCConfigurationList section */
	};
	rootObject = D335596D29DBFB6400B2810D /* Project object */;
}
